69c3b5164e386873fdd4d91092c1ca4c https://fonts.googleapis.com/css?family=Merriweather:400,400i,700,700i|Titillium+Web|Ubuntu+Mono&display=swap google-fonts.scss
cae64ccea22220810c27884ea6bb4cea https://github.com/twbs/bootstrap/archive/v4.4.1.zip :zip-lookup
39ced015aa448fb7092b987b5dfbcc9e https://github.com/twbs/bootstrap/archive/v4.4.1.zip :zip-raw
18f72f816db1fd418350d0115f2b2c84 https://github.com/twbs/bootstrap/archive/v4.4.1.zip bootstrap-scss/_alert.scss
ce84cd07128b49e5edfcdab05123e960 https://github.com/twbs/bootstrap/archive/v4.4.1.zip bootstrap-scss/_badge.scss
eabed2899a02dfecab794b309eae7369 https://github.com/twbs/bootstrap/archive/v4.4.1.zip bootstrap-scss/_breadcrumb.scss
aa313e235a305e61e181f81a853df629 https://github.com/twbs/bootstrap/archive/v4.4.1.zip bootstrap-scss/_button-group.scss
8830d9dd8e4202cfe94dc6e2cb0995f6 https://github.com/twbs/bootstrap/archive/v4.4.1.zip bootstrap-scss/_buttons.scss
77efc4136fa86ffabed26862a073238b https://github.com/twbs/bootstrap/archive/v4.4.1.zip bootstrap-scss/_card.scss
4eefd87810986cc77dfa528be7bab554 https://github.com/twbs/bootstrap/archive/v4.4.1.zip bootstrap-scss/_carousel.scss
35e1d4a72da6f5c486185fcf86831f0d https://github.com/twbs/bootstrap/archive/v4.4.1.zip bootstrap-scss/_close.scss
498c7818162f2b57176558feaac02c31 https://github.com/twbs/bootstrap/archive/v4.4.1.zip bootstrap-scss/_code.scss
91fa3a4de68a03d4248c8dcd6157e628 https://github.com/twbs/bootstrap/archive/v4.4.1.zip bootstrap-scss/_custom-forms.scss
9d2edb87fb8daecb40b8d8fe9da75c1d https://github.com/twbs/bootstrap/archive/v4.4.1.zip bootstrap-scss/_dropdown.scss
2b13c084576cbe8f815236a71f173585 https://github.com/twbs/bootstrap/archive/v4.4.1.zip bootstrap-scss/_forms.scss
938e4b6c26e7d6f48e3721e4a9a33194 https://github.com/twbs/bootstrap/archive/v4.4.1.zip bootstrap-scss/_functions.scss
020071fa44dc66998911a5804285b6eb https://github.com/twbs/bootstrap/archive/v4.4.1.zip bootstrap-scss/_grid.scss
d50c4811e230bbe09536f6b5eca808a9 https://github.com/twbs/bootstrap/archive/v4.4.1.zip bootstrap-scss/_images.scss
1325ae3b0c7d430e49d9fea8fc0c9228 https://github.com/twbs/bootstrap/archive/v4.4.1.zip bootstrap-scss/_input-group.scss
d969f3ff6b93ef5d1b8a2d30149e336b https://github.com/twbs/bootstrap/archive/v4.4.1.zip bootstrap-scss/_jumbotron.scss
c8c1f74e9498fd7c159f0eece949f3d5 https://github.com/twbs/bootstrap/archive/v4.4.1.zip bootstrap-scss/_list-group.scss
d2ea169e5ccb567ff12e945885a90fa6 https://github.com/twbs/bootstrap/archive/v4.4.1.zip bootstrap-scss/_media.scss
3123d0b4c5feba595c28c84f0436cb4e https://github.com/twbs/bootstrap/archive/v4.4.1.zip bootstrap-scss/_mixins.scss
03021826ee61f62c9df03daa7b9c6be9 https://github.com/twbs/bootstrap/archive/v4.4.1.zip bootstrap-scss/_modal.scss
5d521d43b5ef0384a4fb0af4e99cd3e0 https://github.com/twbs/bootstrap/archive/v4.4.1.zip bootstrap-scss/_nav.scss
8ad41716fbcfada6bbcaaa224f9f3d16 https://github.com/twbs/bootstrap/archive/v4.4.1.zip bootstrap-scss/_navbar.scss
f7a9e1868f6e7d3a93d4f42c64f1ad64 https://github.com/twbs/bootstrap/archive/v4.4.1.zip bootstrap-scss/_pagination.scss
6758af26108de59e73d60ec68768845e https://github.com/twbs/bootstrap/archive/v4.4.1.zip bootstrap-scss/_popover.scss
02c5f9cef09bb47142a78dd057a5974d https://github.com/twbs/bootstrap/archive/v4.4.1.zip bootstrap-scss/_print.scss
abb2d89ea765e311844828c83a4b140c https://github.com/twbs/bootstrap/archive/v4.4.1.zip bootstrap-scss/_progress.scss
3ac9c7ca8795f1b9bb5fa01e78eb87a9 https://github.com/twbs/bootstrap/archive/v4.4.1.zip bootstrap-scss/_reboot.scss
10c061bb2595b3de4b6930d879f6d81b https://github.com/twbs/bootstrap/archive/v4.4.1.zip bootstrap-scss/_root.scss
82e71fea62a61193ceba682115a96fd8 https://github.com/twbs/bootstrap/archive/v4.4.1.zip bootstrap-scss/_spinners.scss
ec7f2a3120db952b694dd0e9f871419c https://github.com/twbs/bootstrap/archive/v4.4.1.zip bootstrap-scss/_tables.scss
0cce5ec73009c0f087fe07c485336af6 https://github.com/twbs/bootstrap/archive/v4.4.1.zip bootstrap-scss/_toasts.scss
61cfa44c3bbc57aca5079673875abb8d https://github.com/twbs/bootstrap/archive/v4.4.1.zip bootstrap-scss/_tooltip.scss
3718dbf96921102bc26ac3224f2de72a https://github.com/twbs/bootstrap/archive/v4.4.1.zip bootstrap-scss/_transitions.scss
606bf8337b2fbda90bb5c01d85e5edd7 https://github.com/twbs/bootstrap/archive/v4.4.1.zip bootstrap-scss/_type.scss
7ad37cfec1056da9fb94304769ef02aa https://github.com/twbs/bootstrap/archive/v4.4.1.zip bootstrap-scss/_utilities.scss
e0327f55227fd3585bdc1e0265b14eb3 https://github.com/twbs/bootstrap/archive/v4.4.1.zip bootstrap-scss/_variables.scss
022dc9b159ff06a93bf4ad2fcfb3d3e1 https://github.com/twbs/bootstrap/archive/v4.4.1.zip bootstrap-scss/bootstrap-grid.scss
e99a106ea4451851681bfc346db16690 https://github.com/twbs/bootstrap/archive/v4.4.1.zip bootstrap-scss/bootstrap-reboot.scss
3f4595ba8aac319ac993a63ddddef482 https://github.com/twbs/bootstrap/archive/v4.4.1.zip bootstrap-scss/bootstrap.scss
2bed73c51e646a7d2e30f05d02864101 https://github.com/twbs/bootstrap/archive/v4.4.1.zip bootstrap-scss/mixins/_alert.scss
dde06e2581478dfddbb6ef918e889875 https://github.com/twbs/bootstrap/archive/v4.4.1.zip bootstrap-scss/mixins/_background-variant.scss
9245d772f26fa773f3f1cfcc57c3b46c https://github.com/twbs/bootstrap/archive/v4.4.1.zip bootstrap-scss/mixins/_badge.scss
9ffa6232218cd95aa16086fd00f8ccfa https://github.com/twbs/bootstrap/archive/v4.4.1.zip bootstrap-scss/mixins/_border-radius.scss
e50901e86d7f225f22a5f088e8726276 https://github.com/twbs/bootstrap/archive/v4.4.1.zip bootstrap-scss/mixins/_box-shadow.scss
9a14819fe9ca5e92c4b264126c626947 https://github.com/twbs/bootstrap/archive/v4.4.1.zip bootstrap-scss/mixins/_breakpoints.scss
29199db24ea700d652aaeae43da09942 https://github.com/twbs/bootstrap/archive/v4.4.1.zip bootstrap-scss/mixins/_buttons.scss
fc2f3d41523c58e8c50d02d58c182751 https://github.com/twbs/bootstrap/archive/v4.4.1.zip bootstrap-scss/mixins/_caret.scss
f8d39651a1054cf73e1d56ad398c0af0 https://github.com/twbs/bootstrap/archive/v4.4.1.zip bootstrap-scss/mixins/_clearfix.scss
19856441739526899f902c884f3d2b58 https://github.com/twbs/bootstrap/archive/v4.4.1.zip bootstrap-scss/mixins/_deprecate.scss
87899ae33449eea6ce1d4bc0aabace07 https://github.com/twbs/bootstrap/archive/v4.4.1.zip bootstrap-scss/mixins/_float.scss
d8a1fbb1cc66648b6e8b061a6bd22f98 https://github.com/twbs/bootstrap/archive/v4.4.1.zip bootstrap-scss/mixins/_forms.scss
0f44c939a3f29492ccc0cbd62499f940 https://github.com/twbs/bootstrap/archive/v4.4.1.zip bootstrap-scss/mixins/_gradients.scss
c2b45cee9bc8462ba45eb18c6d55f7c6 https://github.com/twbs/bootstrap/archive/v4.4.1.zip bootstrap-scss/mixins/_grid-framework.scss
ea151fd2c8340583e5f21632be6cea3e https://github.com/twbs/bootstrap/archive/v4.4.1.zip bootstrap-scss/mixins/_grid.scss
60a4287f9d84cfb0ffbd73beb5dee528 https://github.com/twbs/bootstrap/archive/v4.4.1.zip bootstrap-scss/mixins/_hover.scss
f450601fbd9a38badd2c35fc71500bb1 https://github.com/twbs/bootstrap/archive/v4.4.1.zip bootstrap-scss/mixins/_image.scss
d3000f3208a4f7f91a2336bfc729c131 https://github.com/twbs/bootstrap/archive/v4.4.1.zip bootstrap-scss/mixins/_list-group.scss
deb8df605dc4faaf23c52f20948be296 https://github.com/twbs/bootstrap/archive/v4.4.1.zip bootstrap-scss/mixins/_lists.scss
24720d5c00af52ebe44bcc3b2b66a9b9 https://github.com/twbs/bootstrap/archive/v4.4.1.zip bootstrap-scss/mixins/_nav-divider.scss
89f0d99dff6d6c54feab5056360f4186 https://github.com/twbs/bootstrap/archive/v4.4.1.zip bootstrap-scss/mixins/_pagination.scss
1ddcdf93d8d2f170349cce70e12df44f https://github.com/twbs/bootstrap/archive/v4.4.1.zip bootstrap-scss/mixins/_reset-text.scss
af032cea5fd5e37d9a5a8b971e290ff4 https://github.com/twbs/bootstrap/archive/v4.4.1.zip bootstrap-scss/mixins/_resize.scss
f4feadefad85a3aff1d7f0ccacffaa3a https://github.com/twbs/bootstrap/archive/v4.4.1.zip bootstrap-scss/mixins/_screen-reader.scss
07e14cdbaee0d59ce17c0b0b35542db3 https://github.com/twbs/bootstrap/archive/v4.4.1.zip bootstrap-scss/mixins/_size.scss
2fc9394e48aa92ee1059c219fa5407f1 https://github.com/twbs/bootstrap/archive/v4.4.1.zip bootstrap-scss/mixins/_table-row.scss
47485aaa1da5e72c134628854be72aa1 https://github.com/twbs/bootstrap/archive/v4.4.1.zip bootstrap-scss/mixins/_text-emphasis.scss
31dc39c6f1caeeb8a58a2b61f0b85ef2 https://github.com/twbs/bootstrap/archive/v4.4.1.zip bootstrap-scss/mixins/_text-hide.scss
c51a1018bf42368c45eb12d6ac16f938 https://github.com/twbs/bootstrap/archive/v4.4.1.zip bootstrap-scss/mixins/_text-truncate.scss
4f9766c6933508019a1157be5f6ab14c https://github.com/twbs/bootstrap/archive/v4.4.1.zip bootstrap-scss/mixins/_transition.scss
3d3bc176127e434b66ffc633db0a4cb9 https://github.com/twbs/bootstrap/archive/v4.4.1.zip bootstrap-scss/mixins/_visibility.scss
2d85a42f5904cead7a9371485c63dce5 https://github.com/twbs/bootstrap/archive/v4.4.1.zip bootstrap-scss/utilities/_align.scss
2b8011f6e8ca1ed10175f3a764310e9a https://github.com/twbs/bootstrap/archive/v4.4.1.zip bootstrap-scss/utilities/_background.scss
89e155df0b515db48d06c70e86bd2766 https://github.com/twbs/bootstrap/archive/v4.4.1.zip bootstrap-scss/utilities/_borders.scss
01ed6cc705196c6f0fe33300de134ee7 https://github.com/twbs/bootstrap/archive/v4.4.1.zip bootstrap-scss/utilities/_clearfix.scss
8af96c91de4e92e373a40d5f9b87cd91 https://github.com/twbs/bootstrap/archive/v4.4.1.zip bootstrap-scss/utilities/_display.scss
d3f25ca3432be66d146f108e4b855595 https://github.com/twbs/bootstrap/archive/v4.4.1.zip bootstrap-scss/utilities/_embed.scss
6a75ca706305a0a90e6c2d8d9f0ea162 https://github.com/twbs/bootstrap/archive/v4.4.1.zip bootstrap-scss/utilities/_flex.scss
caa8e0a1ce2bab5af0c96dfbefe3dd9b https://github.com/twbs/bootstrap/archive/v4.4.1.zip bootstrap-scss/utilities/_float.scss
db617c241dbced8683a23c0428717633 https://github.com/twbs/bootstrap/archive/v4.4.1.zip bootstrap-scss/utilities/_overflow.scss
0ca5a3796af56ce5a9eb8997463e41a9 https://github.com/twbs/bootstrap/archive/v4.4.1.zip bootstrap-scss/utilities/_position.scss
84c388e27d908d2489d1724f464cdc71 https://github.com/twbs/bootstrap/archive/v4.4.1.zip bootstrap-scss/utilities/_screenreaders.scss
8d38293481d07336b8811782205e50c8 https://github.com/twbs/bootstrap/archive/v4.4.1.zip bootstrap-scss/utilities/_shadows.scss
3e7cdb7eadea66c9cd46d6b268da6576 https://github.com/twbs/bootstrap/archive/v4.4.1.zip bootstrap-scss/utilities/_sizing.scss
c401a7ad414bf95c2e45f51176383072 https://github.com/twbs/bootstrap/archive/v4.4.1.zip bootstrap-scss/utilities/_spacing.scss
26d1a1fb32d45482e8703e17dce77065 https://github.com/twbs/bootstrap/archive/v4.4.1.zip bootstrap-scss/utilities/_stretched-link.scss
a19147cc0714ec7b92322a757165f605 https://github.com/twbs/bootstrap/archive/v4.4.1.zip bootstrap-scss/utilities/_text.scss
545510f15dee6de8164d514fcfe1ab52 https://github.com/twbs/bootstrap/archive/v4.4.1.zip bootstrap-scss/utilities/_visibility.scss
23ec02c88f8d4d1a8958ea9a456193b9 https://github.com/twbs/bootstrap/archive/v4.4.1.zip bootstrap-scss/vendor/_rfs.scss
